// !$*UTF8*$!
{
	archiveVersion = 1;
	classes = {
	};
	objectVersion = 50;
	objects = {

/* Begin PBXBuildFile section */
		CC4B9242238DBA4E007D7CAE /* PresenterTests.swift in Sources */ = {isa = PBXBuildFile; fileRef = CC4B9241238DBA4E007D7CAE /* PresenterTests.swift */; };
		CC4B9244238DBAE2007D7CAE /* ViewControllerSupport.swift in Sources */ = {isa = PBXBuildFile; fileRef = CC4B9243238DBAE2007D7CAE /* ViewControllerSupport.swift */; };
		CC4B9247238DBEAD007D7CAE /* InteractorSupport.swift in Sources */ = {isa = PBXBuildFile; fileRef = CC4B9246238DBEAD007D7CAE /* InteractorSupport.swift */; };
		CCCCD7DD238C15AF00502CFB /* AppDelegate.swift in Sources */ = {isa = PBXBuildFile; fileRef = CCCCD7DC238C15AF00502CFB /* AppDelegate.swift */; };
		CCCCD7E2238C15AF00502CFB /* Main.storyboard in Resources */ = {isa = PBXBuildFile; fileRef = CCCCD7E0238C15AF00502CFB /* Main.storyboard */; };
		CCCCD7E4238C15B000502CFB /* Assets.xcassets in Resources */ = {isa = PBXBuildFile; fileRef = CCCCD7E3238C15B000502CFB /* Assets.xcassets */; };
		CCCCD7E7238C15B000502CFB /* LaunchScreen.storyboard in Resources */ = {isa = PBXBuildFile; fileRef = CCCCD7E5238C15B000502CFB /* LaunchScreen.storyboard */; };
		CCCCD7F2238C15B000502CFB /* InteractorTests.swift in Sources */ = {isa = PBXBuildFile; fileRef = CCCCD7F1238C15B000502CFB /* InteractorTests.swift */; };
		CCCCD7FD238C15D400502CFB /* AppDelegate.swift in Sources */ = {isa = PBXBuildFile; fileRef = CCCCD7DC238C15AF00502CFB /* AppDelegate.swift */; };
		CCCCD804238C181300502CFB /* Presenter.swift in Sources */ = {isa = PBXBuildFile; fileRef = CCCCD803238C181300502CFB /* Presenter.swift */; };
		CCCCD806238C185600502CFB /* Interactor.swift in Sources */ = {isa = PBXBuildFile; fileRef = CCCCD805238C185600502CFB /* Interactor.swift */; };
		CCCCD808238C189600502CFB /* ViewController.swift in Sources */ = {isa = PBXBuildFile; fileRef = CCCCD807238C189600502CFB /* ViewController.swift */; };
		CCCCD80A238C190D00502CFB /* Configurator.swift in Sources */ = {isa = PBXBuildFile; fileRef = CCCCD809238C190D00502CFB /* Configurator.swift */; };
		CCCCD80B238C284E00502CFB /* ViewController.swift in Sources */ = {isa = PBXBuildFile; fileRef = CCCCD807238C189600502CFB /* ViewController.swift */; };
		CCCCD80C238C285100502CFB /* Presenter.swift in Sources */ = {isa = PBXBuildFile; fileRef = CCCCD803238C181300502CFB /* Presenter.swift */; };
		CCCCD80D238C285300502CFB /* Interactor.swift in Sources */ = {isa = PBXBuildFile; fileRef = CCCCD805238C185600502CFB /* Interactor.swift */; };
		CCCCD80E238C286700502CFB /* Configurator.swift in Sources */ = {isa = PBXBuildFile; fileRef = CCCCD809238C190D00502CFB /* Configurator.swift */; };
		CCCCD810238C7DE700502CFB /* PresenterSupport.swift in Sources */ = {isa = PBXBuildFile; fileRef = CCCCD80F238C7DE700502CFB /* PresenterSupport.swift */; };
/* End PBXBuildFile section */

/* Begin PBXContainerItemProxy section */
		CCCCD7EE238C15B000502CFB /* PBXContainerItemProxy */ = {
			isa = PBXContainerItemProxy;
			containerPortal = CCCCD7D1238C15AF00502CFB /* Project object */;
			proxyType = 1;
			remoteGlobalIDString = CCCCD7D8238C15AF00502CFB;
			remoteInfo = Viper;
		};
/* End PBXContainerItemProxy section */

/* Begin PBXFileReference section */
		CC4B9241238DBA4E007D7CAE /* PresenterTests.swift */ = {isa = PBXFileReference; lastKnownFileType = sourcecode.swift; path = PresenterTests.swift; sourceTree = "<group>"; };
		CC4B9243238DBAE2007D7CAE /* ViewControllerSupport.swift */ = {isa = PBXFileReference; lastKnownFileType = sourcecode.swift; path = ViewControllerSupport.swift; sourceTree = "<group>"; };
		CC4B9246238DBEAD007D7CAE /* InteractorSupport.swift */ = {isa = PBXFileReference; lastKnownFileType = sourcecode.swift; path = InteractorSupport.swift; sourceTree = "<group>"; };
		CCCCD7D9238C15AF00502CFB /* Viper.app */ = {isa = PBXFileReference; explicitFileType = wrapper.application; includeInIndex = 0; path = Viper.app; sourceTree = BUILT_PRODUCTS_DIR; };
		CCCCD7DC238C15AF00502CFB /* AppDelegate.swift */ = {isa = PBXFileReference; lastKnownFileType = sourcecode.swift; path = AppDelegate.swift; sourceTree = "<group>"; };
		CCCCD7E1238C15AF00502CFB /* Base */ = {isa = PBXFileReference; lastKnownFileType = file.storyboard; name = Base; path = Base.lproj/Main.storyboard; sourceTree = "<group>"; };
		CCCCD7E3238C15B000502CFB /* Assets.xcassets */ = {isa = PBXFileReference; lastKnownFileType = folder.assetcatalog; path = Assets.xcassets; sourceTree = "<group>"; };
		CCCCD7E6238C15B000502CFB /* Base */ = {isa = PBXFileReference; lastKnownFileType = file.storyboard; name = Base; path = Base.lproj/LaunchScreen.storyboard; sourceTree = "<group>"; };
		CCCCD7E8238C15B000502CFB /* Info.plist */ = {isa = PBXFileReference; lastKnownFileType = text.plist.xml; path = Info.plist; sourceTree = "<group>"; };
		CCCCD7ED238C15B000502CFB /* ViperTests.xctest */ = {isa = PBXFileReference; explicitFileType = wrapper.cfbundle; includeInIndex = 0; path = ViperTests.xctest; sourceTree = BUILT_PRODUCTS_DIR; };
		CCCCD7F1238C15B000502CFB /* InteractorTests.swift */ = {isa = PBXFileReference; lastKnownFileType = sourcecode.swift; path = InteractorTests.swift; sourceTree = "<group>"; };
		CCCCD7F3238C15B000502CFB /* Info.plist */ = {isa = PBXFileReference; lastKnownFileType = text.plist.xml; path = Info.plist; sourceTree = "<group>"; };
		CCCCD803238C181300502CFB /* Presenter.swift */ = {isa = PBXFileReference; lastKnownFileType = sourcecode.swift; path = Presenter.swift; sourceTree = "<group>"; };
		CCCCD805238C185600502CFB /* Interactor.swift */ = {isa = PBXFileReference; lastKnownFileType = sourcecode.swift; path = Interactor.swift; sourceTree = "<group>"; };
		CCCCD807238C189600502CFB /* ViewController.swift */ = {isa = PBXFileReference; lastKnownFileType = sourcecode.swift; path = ViewController.swift; sourceTree = "<group>"; };
		CCCCD809238C190D00502CFB /* Configurator.swift */ = {isa = PBXFileReference; lastKnownFileType = sourcecode.swift; path = Configurator.swift; sourceTree = "<group>"; };
		CCCCD80F238C7DE700502CFB /* PresenterSupport.swift */ = {isa = PBXFileReference; lastKnownFileType = sourcecode.swift; path = PresenterSupport.swift; sourceTree = "<group>"; };
/* End PBXFileReference section */

/* Begin PBXFrameworksBuildPhase section */
		CCCCD7D6238C15AF00502CFB /* Frameworks */ = {
			isa = PBXFrameworksBuildPhase;
			buildActionMask = 2147483647;
			files = (
			);
			runOnlyForDeploymentPostprocessing = 0;
		};
		CCCCD7EA238C15B000502CFB /* Frameworks */ = {
			isa = PBXFrameworksBuildPhase;
			buildActionMask = 2147483647;
			files = (
			);
			runOnlyForDeploymentPostprocessing = 0;
		};
/* End PBXFrameworksBuildPhase section */

/* Begin PBXGroup section */
		CC4B9245238DBAEF007D7CAE /* Support */ = {
			isa = PBXGroup;
			children = (
				CC4B9243238DBAE2007D7CAE /* ViewControllerSupport.swift */,
				CCCCD80F238C7DE700502CFB /* PresenterSupport.swift */,
				CC4B9246238DBEAD007D7CAE /* InteractorSupport.swift */,
			);
			name = Support;
			sourceTree = "<group>";
		};
		CCCCD7D0238C15AF00502CFB = {
			isa = PBXGroup;
			children = (
				CCCCD7DB238C15AF00502CFB /* Viper */,
				CCCCD7F0238C15B000502CFB /* ViperTests */,
				CCCCD7DA238C15AF00502CFB /* Products */,
			);
			sourceTree = "<group>";
		};
		CCCCD7DA238C15AF00502CFB /* Products */ = {
			isa = PBXGroup;
			children = (
				CCCCD7D9238C15AF00502CFB /* Viper.app */,
				CCCCD7ED238C15B000502CFB /* ViperTests.xctest */,
			);
			name = Products;
			sourceTree = "<group>";
		};
		CCCCD7DB238C15AF00502CFB /* Viper */ = {
			isa = PBXGroup;
			children = (
				CCCCD7DC238C15AF00502CFB /* AppDelegate.swift */,
				CCCCD807238C189600502CFB /* ViewController.swift */,
				CCCCD803238C181300502CFB /* Presenter.swift */,
				CCCCD805238C185600502CFB /* Interactor.swift */,
				CCCCD7E0238C15AF00502CFB /* Main.storyboard */,
				CCCCD7E3238C15B000502CFB /* Assets.xcassets */,
				CCCCD7E5238C15B000502CFB /* LaunchScreen.storyboard */,
				CCCCD7E8238C15B000502CFB /* Info.plist */,
				CCCCD809238C190D00502CFB /* Configurator.swift */,
			);
			path = Viper;
			sourceTree = "<group>";
		};
		CCCCD7F0238C15B000502CFB /* ViperTests */ = {
			isa = PBXGroup;
			children = (
				CCCCD7F1238C15B000502CFB /* InteractorTests.swift */,
				CC4B9241238DBA4E007D7CAE /* PresenterTests.swift */,
				CC4B9245238DBAEF007D7CAE /* Support */,
				CCCCD7F3238C15B000502CFB /* Info.plist */,
			);
			path = ViperTests;
			sourceTree = "<group>";
		};
/* End PBXGroup section */

/* Begin PBXNativeTarget section */
		CCCCD7D8238C15AF00502CFB /* Viper */ = {
			isa = PBXNativeTarget;
			buildConfigurationList = CCCCD7F6238C15B000502CFB /* Build configuration list for PBXNativeTarget "Viper" */;
			buildPhases = (
				CCCCD7D5238C15AF00502CFB /* Sources */,
				CCCCD7D6238C15AF00502CFB /* Frameworks */,
				CCCCD7D7238C15AF00502CFB /* Resources */,
			);
			buildRules = (
			);
			dependencies = (
			);
			name = Viper;
			productName = Viper;
			productReference = CCCCD7D9238C15AF00502CFB /* Viper.app */;
			productType = "com.apple.product-type.application";
		};
		CCCCD7EC238C15B000502CFB /* ViperTests */ = {
			isa = PBXNativeTarget;
			buildConfigurationList = CCCCD7F9238C15B000502CFB /* Build configuration list for PBXNativeTarget "ViperTests" */;
			buildPhases = (
				CCCCD7E9238C15B000502CFB /* Sources */,
				CCCCD7EA238C15B000502CFB /* Frameworks */,
				CCCCD7EB238C15B000502CFB /* Resources */,
			);
			buildRules = (
			);
			dependencies = (
				CCCCD7EF238C15B000502CFB /* PBXTargetDependency */,
			);
			name = ViperTests;
			productName = ViperTests;
			productReference = CCCCD7ED238C15B000502CFB /* ViperTests.xctest */;
			productType = "com.apple.product-type.bundle.unit-test";
		};
/* End PBXNativeTarget section */

/* Begin PBXProject section */
		CCCCD7D1238C15AF00502CFB /* Project object */ = {
			isa = PBXProject;
			attributes = {
				LastSwiftUpdateCheck = 1030;
				LastUpgradeCheck = 1030;
				ORGANIZATIONNAME = "Максим Жуков";
				TargetAttributes = {
					CCCCD7D8238C15AF00502CFB = {
						CreatedOnToolsVersion = 10.3;
					};
					CCCCD7EC238C15B000502CFB = {
						CreatedOnToolsVersion = 10.3;
					};
				};
			};
			buildConfigurationList = CCCCD7D4238C15AF00502CFB /* Build configuration list for PBXProject "Viper" */;
			compatibilityVersion = "Xcode 9.3";
			developmentRegion = en;
			hasScannedForEncodings = 0;
			knownRegions = (
				en,
				Base,
			);
			mainGroup = CCCCD7D0238C15AF00502CFB;
			productRefGroup = CCCCD7DA238C15AF00502CFB /* Products */;
			projectDirPath = "";
			projectRoot = "";
			targets = (
				CCCCD7D8238C15AF00502CFB /* Viper */,
				CCCCD7EC238C15B000502CFB /* ViperTests */,
			);
		};
/* End PBXProject section */

/* Begin PBXResourcesBuildPhase section */
		CCCCD7D7238C15AF00502CFB /* Resources */ = {
			isa = PBXResourcesBuildPhase;
			buildActionMask = 2147483647;
			files = (
				CCCCD7E7238C15B000502CFB /* LaunchScreen.storyboard in Resources */,
				CCCCD7E4238C15B000502CFB /* Assets.xcassets in Resources */,
				CCCCD7E2238C15AF00502CFB /* Main.storyboard in Resources */,
			);
			runOnlyForDeploymentPostprocessing = 0;
		};
		CCCCD7EB238C15B000502CFB /* Resources */ = {
			isa = PBXResourcesBuildPhase;
			buildActionMask = 2147483647;
			files = (
			);
			runOnlyForDeploymentPostprocessing = 0;
		};
/* End PBXResourcesBuildPhase section */

/* Begin PBXSourcesBuildPhase section */
		CCCCD7D5238C15AF00502CFB /* Sources */ = {
			isa = PBXSourcesBuildPhase;
			buildActionMask = 2147483647;
			files = (
				CCCCD804238C181300502CFB /* Presenter.swift in Sources */,
				CCCCD806238C185600502CFB /* Interactor.swift in Sources */,
				CCCCD808238C189600502CFB /* ViewController.swift in Sources */,
				CCCCD80A238C190D00502CFB /* Configurator.swift in Sources */,
				CCCCD7DD238C15AF00502CFB /* AppDelegate.swift in Sources */,
			);
			runOnlyForDeploymentPostprocessing = 0;
		};
		CCCCD7E9238C15B000502CFB /* Sources */ = {
			isa = PBXSourcesBuildPhase;
			buildActionMask = 2147483647;
			files = (
				CC4B9247238DBEAD007D7CAE /* InteractorSupport.swift in Sources */,
				CCCCD80B238C284E00502CFB /* ViewController.swift in Sources */,
				CCCCD7FD238C15D400502CFB /* AppDelegate.swift in Sources */,
				CC4B9242238DBA4E007D7CAE /* PresenterTests.swift in Sources */,
				CC4B9244238DBAE2007D7CAE /* ViewControllerSupport.swift in Sources */,
				CCCCD810238C7DE700502CFB /* PresenterSupport.swift in Sources */,
				CCCCD80D238C285300502CFB /* Interactor.swift in Sources */,
				CCCCD80C238C285100502CFB /* Presenter.swift in Sources */,
				CCCCD80E238C286700502CFB /* Configurator.swift in Sources */,
				CCCCD7F2238C15B000502CFB /* InteractorTests.swift in Sources */,
			);
			runOnlyForDeploymentPostprocessing = 0;
		};
/* End PBXSourcesBuildPhase section */

/* Begin PBXTargetDependency section */
		CCCCD7EF238C15B000502CFB /* PBXTargetDependency */ = {
			isa = PBXTargetDependency;
			target = CCCCD7D8238C15AF00502CFB /* Viper */;
			targetProxy = CCCCD7EE238C15B000502CFB /* PBXContainerItemProxy */;
		};
/* End PBXTargetDependency section */

/* Begin PBXVariantGroup section */
		CCCCD7E0238C15AF00502CFB /* Main.storyboard */ = {
			isa = PBXVariantGroup;
			children = (
				CCCCD7E1238C15AF00502CFB /* Base */,
			);
			name = Main.storyboard;
			sourceTree = "<group>";
		};
		CCCCD7E5238C15B000502CFB /* LaunchScreen.storyboard */ = {
			isa = PBXVariantGroup;
			children = (
				CCCCD7E6238C15B000502CFB /* Base */,
			);
			name = LaunchScreen.storyboard;
			sourceTree = "<group>";
		};
/* End PBXVariantGroup section */

/* Begin XCBuildConfiguration section */
		CCCCD7F4238C15B000502CFB /* Debug */ = {
			isa = XCBuildConfiguration;
			buildSettings = {
				ALWAYS_SEARCH_USER_PATHS = NO;
				CLANG_ANALYZER_NONNULL = YES;
				CLANG_ANALYZER_NUMBER_OBJECT_CONVERSION = YES_AGGRESSIVE;
				CLANG_CXX_LANGUAGE_STANDARD = "gnu++14";
				CLANG_CXX_LIBRARY = "libc++";
				CLANG_ENABLE_MODULES = YES;
				CLANG_ENABLE_OBJC_ARC = YES;
				CLANG_ENABLE_OBJC_WEAK = YES;
				CLANG_WARN_BLOCK_CAPTURE_AUTORELEASING = YES;
				CLANG_WARN_BOOL_CONVERSION = YES;
				CLANG_WARN_COMMA = YES;
				CLANG_WARN_CONSTANT_CONVERSION = YES;
				CLANG_WARN_DEPRECATED_OBJC_IMPLEMENTATIONS = YES;
				CLANG_WARN_DIRECT_OBJC_ISA_USAGE = YES_ERROR;
				CLANG_WARN_DOCUMENTATION_COMMENTS = YES;
				CLANG_WARN_EMPTY_BODY = YES;
				CLANG_WARN_ENUM_CONVERSION = YES;
				CLANG_WARN_INFINITE_RECURSION = YES;
				CLANG_WARN_INT_CONVERSION = YES;
				CLANG_WARN_NON_LITERAL_NULL_CONVERSION = YES;
				CLANG_WARN_OBJC_IMPLICIT_RETAIN_SELF = YES;
				CLANG_WARN_OBJC_LITERAL_CONVERSION = YES;
				CLANG_WARN_OBJC_ROOT_CLASS = YES_ERROR;
				CLANG_WARN_RANGE_LOOP_ANALYSIS = YES;
				CLANG_WARN_STRICT_PROTOTYPES = YES;
				CLANG_WARN_SUSPICIOUS_MOVE = YES;
				CLANG_WARN_UNGUARDED_AVAILABILITY = YES_AGGRESSIVE;
				CLANG_WARN_UNREACHABLE_CODE = YES;
				CLANG_WARN__DUPLICATE_METHOD_MATCH = YES;
				CODE_SIGN_IDENTITY = "iPhone Developer";
				COPY_PHASE_STRIP = NO;
				DEBUG_INFORMATION_FORMAT = dwarf;
				ENABLE_STRICT_OBJC_MSGSEND = YES;
				ENABLE_TESTABILITY = YES;
				GCC_C_LANGUAGE_STANDARD = gnu11;
				GCC_DYNAMIC_NO_PIC = NO;
				GCC_NO_COMMON_BLOCKS = YES;
				GCC_OPTIMIZATION_LEVEL = 0;
				GCC_PREPROCESSOR_DEFINITIONS = (
					"DEBUG=1",
					"$(inherited)",
				);
				GCC_WARN_64_TO_32_BIT_CONVERSION = YES;
				GCC_WARN_ABOUT_RETURN_TYPE = YES_ERROR;
				GCC_WARN_UNDECLARED_SELECTOR = YES;
				GCC_WARN_UNINITIALIZED_AUTOS = YES_AGGRESSIVE;
				GCC_WARN_UNUSED_FUNCTION = YES;
				GCC_WARN_UNUSED_VARIABLE = YES;
				IPHONEOS_DEPLOYMENT_TARGET = 12.4;
				MTL_ENABLE_DEBUG_INFO = INCLUDE_SOURCE;
				MTL_FAST_MATH = YES;
				ONLY_ACTIVE_ARCH = YES;
				SDKROOT = iphoneos;
				SWIFT_ACTIVE_COMPILATION_CONDITIONS = DEBUG;
				SWIFT_OPTIMIZATION_LEVEL = "-Onone";
			};
			name = Debug;
		};
		CCCCD7F5238C15B000502CFB /* Release */ = {
			isa = XCBuildConfiguration;
			buildSettings = {
				ALWAYS_SEARCH_USER_PATHS = NO;
				CLANG_ANALYZER_NONNULL = YES;
				CLANG_ANALYZER_NUMBER_OBJECT_CONVERSION = YES_AGGRESSIVE;
				CLANG_CXX_LANGUAGE_STANDARD = "gnu++14";
				CLANG_CXX_LIBRARY = "libc++";
				CLANG_ENABLE_MODULES = YES;
				CLANG_ENABLE_OBJC_ARC = YES;
				CLANG_ENABLE_OBJC_WEAK = YES;
				CLANG_WARN_BLOCK_CAPTURE_AUTORELEASING = YES;
				CLANG_WARN_BOOL_CONVERSION = YES;
				CLANG_WARN_COMMA = YES;
				CLANG_WARN_CONSTANT_CONVERSION = YES;
				CLANG_WARN_DEPRECATED_OBJC_IMPLEMENTATIONS = YES;
				CLANG_WARN_DIRECT_OBJC_ISA_USAGE = YES_ERROR;
				CLANG_WARN_DOCUMENTATION_COMMENTS = YES;
				CLANG_WARN_EMPTY_BODY = YES;
				CLANG_WARN_ENUM_CONVERSION = YES;
				CLANG_WARN_INFINITE_RECURSION = YES;
				CLANG_WARN_INT_CONVERSION = YES;
				CLANG_WARN_NON_LITERAL_NULL_CONVERSION = YES;
				CLANG_WARN_OBJC_IMPLICIT_RETAIN_SELF = YES;
				CLANG_WARN_OBJC_LITERAL_CONVERSION = YES;
				CLANG_WARN_OBJC_ROOT_CLASS = YES_ERROR;
				CLANG_WARN_RANGE_LOOP_ANALYSIS = YES;
				CLANG_WARN_STRICT_PROTOTYPES = YES;
				CLANG_WARN_SUSPICIOUS_MOVE = YES;
				CLANG_WARN_UNGUARDED_AVAILABILITY = YES_AGGRESSIVE;
				CLANG_WARN_UNREACHABLE_CODE = YES;
				CLANG_WARN__DUPLICATE_METHOD_MATCH = YES;
				CODE_SIGN_IDENTITY = "iPhone Developer";
				COPY_PHASE_STRIP = NO;
				DEBUG_INFORMATION_FORMAT = "dwarf-with-dsym";
				ENABLE_NS_ASSERTIONS = NO;
				ENABLE_STRICT_OBJC_MSGSEND = YES;
				GCC_C_LANGUAGE_STANDARD = gnu11;
				GCC_NO_COMMON_BLOCKS = YES;
				GCC_WARN_64_TO_32_BIT_CONVERSION = YES;
				GCC_WARN_ABOUT_RETURN_TYPE = YES_ERROR;
				GCC_WARN_UNDECLARED_SELECTOR = YES;
				GCC_WARN_UNINITIALIZED_AUTOS = YES_AGGRESSIVE;
				GCC_WARN_UNUSED_FUNCTION = YES;
				GCC_WARN_UNUSED_VARIABLE = YES;
				IPHONEOS_DEPLOYMENT_TARGET = 12.4;
				MTL_ENABLE_DEBUG_INFO = NO;
				MTL_FAST_MATH = YES;
				SDKROOT = iphoneos;
				SWIFT_COMPILATION_MODE = wholemodule;
				SWIFT_OPTIMIZATION_LEVEL = "-O";
				VALIDATE_PRODUCT = YES;
			};
			name = Release;
		};
		CCCCD7F7238C15B000502CFB /* Debug */ = {
			isa = XCBuildConfiguration;
			buildSettings = {
				ASSETCATALOG_COMPILER_APPICON_NAME = AppIcon;
				CODE_SIGN_STYLE = Automatic;
				INFOPLIST_FILE = Viper/Info.plist;
				LD_RUNPATH_SEARCH_PATHS = (
					"$(inherited)",
					"@executable_path/Frameworks",
				);
				PRODUCT_BUNDLE_IDENTIFIER = Maxim.Viper;
				PRODUCT_NAME = "$(TARGET_NAME)";
				SWIFT_VERSION = 5.0;
				TARGETED_DEVICE_FAMILY = "1,2";
			};
			name = Debug;
		};
		CCCCD7F8238C15B000502CFB /* Release */ = {
			isa = XCBuildConfiguration;
			buildSettings = {
				ASSETCATALOG_COMPILER_APPICON_NAME = AppIcon;
				CODE_SIGN_STYLE = Automatic;
				INFOPLIST_FILE = Viper/Info.plist;
				LD_RUNPATH_SEARCH_PATHS = (
					"$(inherited)",
					"@executable_path/Frameworks",
				);
				PRODUCT_BUNDLE_IDENTIFIER = Maxim.Viper;
				PRODUCT_NAME = "$(TARGET_NAME)";
				SWIFT_VERSION = 5.0;
				TARGETED_DEVICE_FAMILY = "1,2";
			};
			name = Release;
		};
		CCCCD7FA238C15B000502CFB /* Debug */ = {
			isa = XCBuildConfiguration;
			buildSettings = {
				ALWAYS_EMBED_SWIFT_STANDARD_LIBRARIES = YES;
				CODE_SIGN_STYLE = Automatic;
				INFOPLIST_FILE = ViperTests/Info.plist;
				LD_RUNPATH_SEARCH_PATHS = (
					"$(inherited)",
					"@executable_path/Frameworks",
					"@loader_path/Frameworks",
				);
				PRODUCT_BUNDLE_IDENTIFIER = Maxim.ViperTests;
				PRODUCT_NAME = "$(TARGET_NAME)";
				SWIFT_VERSION = 5.0;
				TARGETED_DEVICE_FAMILY = "1,2";
			};
			name = Debug;
		};
		CCCCD7FB238C15B000502CFB /* Release */ = {
			isa = XCBuildConfiguration;
			buildSettings = {
				ALWAYS_EMBED_SWIFT_STANDARD_LIBRARIES = YES;
				CODE_SIGN_STYLE = Automatic;
				INFOPLIST_FILE = ViperTests/Info.plist;
				LD_RUNPATH_SEARCH_PATHS = (
					"$(inherited)",
					"@executable_path/Frameworks",
					"@loader_path/Frameworks",
				);
				PRODUCT_BUNDLE_IDENTIFIER = Maxim.ViperTests;
				PRODUCT_NAME = "$(TARGET_NAME)";
				SWIFT_VERSION = 5.0;
				TARGETED_DEVICE_FAMILY = "1,2";
			};
			name = Release;
		};
/* End XCBuildConfiguration section */

/* Begin XCConfigurationList section */
		CCCCD7D4238C15AF00502CFB /* Build configuration list for PBXProject "Viper" */ = {
			isa = XCConfigurationList;
			buildConfigurations = (
				CCCCD7F4238C15B000502CFB /* Debug */,
				CCCCD7F5238C15B000502CFB /* Release */,
			);
			defaultConfigurationIsVisible = 0;
			defaultConfigurationName = Release;
		};
		CCCCD7F6238C15B000502CFB /* Build configuration list for PBXNativeTarget "Viper" */ = {
			isa = XCConfigurationList;
			buildConfigurations = (
				CCCCD7F7238C15B000502CFB /* Debug */,
				CCCCD7F8238C15B000502CFB /* Release */,
			);
			defaultConfigurationIsVisible = 0;
			defaultConfigurationName = Release;
		};
		CCCCD7F9238C15B000502CFB /* Build configuration list for PBXNativeTarget "ViperTests" */ = {
			isa = XCConfigurationList;
			buildConfigurations = (
				CCCCD7FA238C15B000502CFB /* Debug */,
				CCCCD7FB238C15B000502CFB /* Release */,
			);
			defaultConfigurationIsVisible = 0;
			defaultConfigurationName = Release;
		};
/* End XCConfigurationList section */
	};
	rootObject = CCCCD7D1238C15AF00502CFB /* Project object */;
}
