// !$*UTF8*$!
{
	archiveVersion = 1;
	classes = {
	};
	objectVersion = 50;
	objects = {

/* Begin PBXBuildFile section */
		CC54A1BF2371D42A0042396E /* AppDelegate.swift in Sources */ = {isa = PBXBuildFile; fileRef = CC54A1BE2371D42A0042396E /* AppDelegate.swift */; };
		CC54A1C12371D42A0042396E /* ViewController.swift in Sources */ = {isa = PBXBuildFile; fileRef = CC54A1C02371D42A0042396E /* ViewController.swift */; };
		CC54A1C62371D42C0042396E /* Assets.xcassets in Resources */ = {isa = PBXBuildFile; fileRef = CC54A1C52371D42C0042396E /* Assets.xcassets */; };
		CC54A1C92371D42C0042396E /* LaunchScreen.storyboard in Resources */ = {isa = PBXBuildFile; fileRef = CC54A1C72371D42C0042396E /* LaunchScreen.storyboard */; };
		CC54A1D12371D5990042396E /* CollectionViewCell.swift in Sources */ = {isa = PBXBuildFile; fileRef = CC54A1D02371D5990042396E /* CollectionViewCell.swift */; };
		CC54A1D52372BB230042396E /* Model.swift in Sources */ = {isa = PBXBuildFile; fileRef = CC54A1D42372BB230042396E /* Model.swift */; };
		CC54A1DC2373F5B40042396E /* MainCell.swift in Sources */ = {isa = PBXBuildFile; fileRef = CC54A1DB2373F5B40042396E /* MainCell.swift */; };
/* End PBXBuildFile section */

/* Begin PBXFileReference section */
		CC54A1BB2371D42A0042396E /* HW-Trello.app */ = {isa = PBXFileReference; explicitFileType = wrapper.application; includeInIndex = 0; path = "HW-Trello.app"; sourceTree = BUILT_PRODUCTS_DIR; };
		CC54A1BE2371D42A0042396E /* AppDelegate.swift */ = {isa = PBXFileReference; lastKnownFileType = sourcecode.swift; path = AppDelegate.swift; sourceTree = "<group>"; };
		CC54A1C02371D42A0042396E /* ViewController.swift */ = {isa = PBXFileReference; lastKnownFileType = sourcecode.swift; path = ViewController.swift; sourceTree = "<group>"; };
		CC54A1C52371D42C0042396E /* Assets.xcassets */ = {isa = PBXFileReference; lastKnownFileType = folder.assetcatalog; path = Assets.xcassets; sourceTree = "<group>"; };
		CC54A1C82371D42C0042396E /* Base */ = {isa = PBXFileReference; lastKnownFileType = file.storyboard; name = Base; path = Base.lproj/LaunchScreen.storyboard; sourceTree = "<group>"; };
		CC54A1CA2371D42C0042396E /* Info.plist */ = {isa = PBXFileReference; lastKnownFileType = text.plist.xml; path = Info.plist; sourceTree = "<group>"; };
		CC54A1D02371D5990042396E /* CollectionViewCell.swift */ = {isa = PBXFileReference; lastKnownFileType = sourcecode.swift; path = CollectionViewCell.swift; sourceTree = "<group>"; };
		CC54A1D42372BB230042396E /* Model.swift */ = {isa = PBXFileReference; lastKnownFileType = sourcecode.swift; path = Model.swift; sourceTree = "<group>"; };
		CC54A1DB2373F5B40042396E /* MainCell.swift */ = {isa = PBXFileReference; lastKnownFileType = sourcecode.swift; path = MainCell.swift; sourceTree = "<group>"; };
/* End PBXFileReference section */

/* Begin PBXFrameworksBuildPhase section */
		CC54A1B82371D42A0042396E /* Frameworks */ = {
			isa = PBXFrameworksBuildPhase;
			buildActionMask = 2147483647;
			files = (
			);
			runOnlyForDeploymentPostprocessing = 0;
		};
/* End PBXFrameworksBuildPhase section */

/* Begin PBXGroup section */
		CC54A1B22371D42A0042396E = {
			isa = PBXGroup;
			children = (
				CC54A1BD2371D42A0042396E /* HW-Trello */,
				CC54A1BC2371D42A0042396E /* Products */,
			);
			sourceTree = "<group>";
		};
		CC54A1BC2371D42A0042396E /* Products */ = {
			isa = PBXGroup;
			children = (
				CC54A1BB2371D42A0042396E /* HW-Trello.app */,
			);
			name = Products;
			sourceTree = "<group>";
		};
		CC54A1BD2371D42A0042396E /* HW-Trello */ = {
			isa = PBXGroup;
			children = (
				CC54A1BE2371D42A0042396E /* AppDelegate.swift */,
				CC54A1D62372BB300042396E /* Models */,
				CC54A1D72372E9CF0042396E /* Controller */,
				CC54A1D82372E9DC0042396E /* View */,
				CC54A1C52371D42C0042396E /* Assets.xcassets */,
				CC54A1C72371D42C0042396E /* LaunchScreen.storyboard */,
				CC54A1CA2371D42C0042396E /* Info.plist */,
			);
			path = "HW-Trello";
			sourceTree = "<group>";
		};
		CC54A1D62372BB300042396E /* Models */ = {
			isa = PBXGroup;
			children = (
				CC54A1D42372BB230042396E /* Model.swift */,
			);
			name = Models;
			sourceTree = "<group>";
		};
		CC54A1D72372E9CF0042396E /* Controller */ = {
			isa = PBXGroup;
			children = (
				CC54A1C02371D42A0042396E /* ViewController.swift */,
			);
			name = Controller;
			sourceTree = "<group>";
		};
		CC54A1D82372E9DC0042396E /* View */ = {
			isa = PBXGroup;
			children = (
				CC54A1D02371D5990042396E /* CollectionViewCell.swift */,
				CC54A1DB2373F5B40042396E /* MainCell.swift */,
			);
			name = View;
			sourceTree = "<group>";
		};
/* End PBXGroup section */

/* Begin PBXNativeTarget section */
		CC54A1BA2371D42A0042396E /* HW-Trello */ = {
			isa = PBXNativeTarget;
			buildConfigurationList = CC54A1CD2371D42C0042396E /* Build configuration list for PBXNativeTarget "HW-Trello" */;
			buildPhases = (
				CC54A1B72371D42A0042396E /* Sources */,
				CC54A1B82371D42A0042396E /* Frameworks */,
				CC54A1B92371D42A0042396E /* Resources */,
			);
			buildRules = (
			);
			dependencies = (
			);
			name = "HW-Trello";
			productName = "HW-Trello";
			productReference = CC54A1BB2371D42A0042396E /* HW-Trello.app */;
			productType = "com.apple.product-type.application";
		};
/* End PBXNativeTarget section */

/* Begin PBXProject section */
		CC54A1B32371D42A0042396E /* Project object */ = {
			isa = PBXProject;
			attributes = {
				LastSwiftUpdateCheck = 1030;
				LastUpgradeCheck = 1030;
				ORGANIZATIONNAME = "Максим Жуков";
				TargetAttributes = {
					CC54A1BA2371D42A0042396E = {
						CreatedOnToolsVersion = 10.3;
					};
				};
			};
			buildConfigurationList = CC54A1B62371D42A0042396E /* Build configuration list for PBXProject "HW-Trello" */;
			compatibilityVersion = "Xcode 9.3";
			developmentRegion = en;
			hasScannedForEncodings = 0;
			knownRegions = (
				en,
				Base,
			);
			mainGroup = CC54A1B22371D42A0042396E;
			productRefGroup = CC54A1BC2371D42A0042396E /* Products */;
			projectDirPath = "";
			projectRoot = "";
			targets = (
				CC54A1BA2371D42A0042396E /* HW-Trello */,
			);
		};
/* End PBXProject section */

/* Begin PBXResourcesBuildPhase section */
		CC54A1B92371D42A0042396E /* Resources */ = {
			isa = PBXResourcesBuildPhase;
			buildActionMask = 2147483647;
			files = (
				CC54A1C92371D42C0042396E /* LaunchScreen.storyboard in Resources */,
				CC54A1C62371D42C0042396E /* Assets.xcassets in Resources */,
			);
			runOnlyForDeploymentPostprocessing = 0;
		};
/* End PBXResourcesBuildPhase section */

/* Begin PBXSourcesBuildPhase section */
		CC54A1B72371D42A0042396E /* Sources */ = {
			isa = PBXSourcesBuildPhase;
			buildActionMask = 2147483647;
			files = (
				CC54A1C12371D42A0042396E /* ViewController.swift in Sources */,
				CC54A1BF2371D42A0042396E /* AppDelegate.swift in Sources */,
				CC54A1D12371D5990042396E /* CollectionViewCell.swift in Sources */,
				CC54A1D52372BB230042396E /* Model.swift in Sources */,
				CC54A1DC2373F5B40042396E /* MainCell.swift in Sources */,
			);
			runOnlyForDeploymentPostprocessing = 0;
		};
/* End PBXSourcesBuildPhase section */

/* Begin PBXVariantGroup section */
		CC54A1C72371D42C0042396E /* LaunchScreen.storyboard */ = {
			isa = PBXVariantGroup;
			children = (
				CC54A1C82371D42C0042396E /* Base */,
			);
			name = LaunchScreen.storyboard;
			sourceTree = "<group>";
		};
/* End PBXVariantGroup section */

/* Begin XCBuildConfiguration section */
		CC54A1CB2371D42C0042396E /* Debug */ = {
			isa = XCBuildConfiguration;
			buildSettings = {
				ALWAYS_SEARCH_USER_PATHS = NO;
				CLANG_ANALYZER_NONNULL = YES;
				CLANG_ANALYZER_NUMBER_OBJECT_CONVERSION = YES_AGGRESSIVE;
				CLANG_CXX_LANGUAGE_STANDARD = "gnu++14";
				CLANG_CXX_LIBRARY = "libc++";
				CLANG_ENABLE_MODULES = YES;
				CLANG_ENABLE_OBJC_ARC = YES;
				CLANG_ENABLE_OBJC_WEAK = YES;
				CLANG_WARN_BLOCK_CAPTURE_AUTORELEASING = YES;
				CLANG_WARN_BOOL_CONVERSION = YES;
				CLANG_WARN_COMMA = YES;
				CLANG_WARN_CONSTANT_CONVERSION = YES;
				CLANG_WARN_DEPRECATED_OBJC_IMPLEMENTATIONS = YES;
				CLANG_WARN_DIRECT_OBJC_ISA_USAGE = YES_ERROR;
				CLANG_WARN_DOCUMENTATION_COMMENTS = YES;
				CLANG_WARN_EMPTY_BODY = YES;
				CLANG_WARN_ENUM_CONVERSION = YES;
				CLANG_WARN_INFINITE_RECURSION = YES;
				CLANG_WARN_INT_CONVERSION = YES;
				CLANG_WARN_NON_LITERAL_NULL_CONVERSION = YES;
				CLANG_WARN_OBJC_IMPLICIT_RETAIN_SELF = YES;
				CLANG_WARN_OBJC_LITERAL_CONVERSION = YES;
				CLANG_WARN_OBJC_ROOT_CLASS = YES_ERROR;
				CLANG_WARN_RANGE_LOOP_ANALYSIS = YES;
				CLANG_WARN_STRICT_PROTOTYPES = YES;
				CLANG_WARN_SUSPICIOUS_MOVE = YES;
				CLANG_WARN_UNGUARDED_AVAILABILITY = YES_AGGRESSIVE;
				CLANG_WARN_UNREACHABLE_CODE = YES;
				CLANG_WARN__DUPLICATE_METHOD_MATCH = YES;
				CODE_SIGN_IDENTITY = "iPhone Developer";
				COPY_PHASE_STRIP = NO;
				DEBUG_INFORMATION_FORMAT = dwarf;
				ENABLE_STRICT_OBJC_MSGSEND = YES;
				ENABLE_TESTABILITY = YES;
				GCC_C_LANGUAGE_STANDARD = gnu11;
				GCC_DYNAMIC_NO_PIC = NO;
				GCC_NO_COMMON_BLOCKS = YES;
				GCC_OPTIMIZATION_LEVEL = 0;
				GCC_PREPROCESSOR_DEFINITIONS = (
					"DEBUG=1",
					"$(inherited)",
				);
				GCC_WARN_64_TO_32_BIT_CONVERSION = YES;
				GCC_WARN_ABOUT_RETURN_TYPE = YES_ERROR;
				GCC_WARN_UNDECLARED_SELECTOR = YES;
				GCC_WARN_UNINITIALIZED_AUTOS = YES_AGGRESSIVE;
				GCC_WARN_UNUSED_FUNCTION = YES;
				GCC_WARN_UNUSED_VARIABLE = YES;
				IPHONEOS_DEPLOYMENT_TARGET = 12.4;
				MTL_ENABLE_DEBUG_INFO = INCLUDE_SOURCE;
				MTL_FAST_MATH = YES;
				ONLY_ACTIVE_ARCH = YES;
				SDKROOT = iphoneos;
				SWIFT_ACTIVE_COMPILATION_CONDITIONS = DEBUG;
				SWIFT_OPTIMIZATION_LEVEL = "-Onone";
			};
			name = Debug;
		};
		CC54A1CC2371D42C0042396E /* Release */ = {
			isa = XCBuildConfiguration;
			buildSettings = {
				ALWAYS_SEARCH_USER_PATHS = NO;
				CLANG_ANALYZER_NONNULL = YES;
				CLANG_ANALYZER_NUMBER_OBJECT_CONVERSION = YES_AGGRESSIVE;
				CLANG_CXX_LANGUAGE_STANDARD = "gnu++14";
				CLANG_CXX_LIBRARY = "libc++";
				CLANG_ENABLE_MODULES = YES;
				CLANG_ENABLE_OBJC_ARC = YES;
				CLANG_ENABLE_OBJC_WEAK = YES;
				CLANG_WARN_BLOCK_CAPTURE_AUTORELEASING = YES;
				CLANG_WARN_BOOL_CONVERSION = YES;
				CLANG_WARN_COMMA = YES;
				CLANG_WARN_CONSTANT_CONVERSION = YES;
				CLANG_WARN_DEPRECATED_OBJC_IMPLEMENTATIONS = YES;
				CLANG_WARN_DIRECT_OBJC_ISA_USAGE = YES_ERROR;
				CLANG_WARN_DOCUMENTATION_COMMENTS = YES;
				CLANG_WARN_EMPTY_BODY = YES;
				CLANG_WARN_ENUM_CONVERSION = YES;
				CLANG_WARN_INFINITE_RECURSION = YES;
				CLANG_WARN_INT_CONVERSION = YES;
				CLANG_WARN_NON_LITERAL_NULL_CONVERSION = YES;
				CLANG_WARN_OBJC_IMPLICIT_RETAIN_SELF = YES;
				CLANG_WARN_OBJC_LITERAL_CONVERSION = YES;
				CLANG_WARN_OBJC_ROOT_CLASS = YES_ERROR;
				CLANG_WARN_RANGE_LOOP_ANALYSIS = YES;
				CLANG_WARN_STRICT_PROTOTYPES = YES;
				CLANG_WARN_SUSPICIOUS_MOVE = YES;
				CLANG_WARN_UNGUARDED_AVAILABILITY = YES_AGGRESSIVE;
				CLANG_WARN_UNREACHABLE_CODE = YES;
				CLANG_WARN__DUPLICATE_METHOD_MATCH = YES;
				CODE_SIGN_IDENTITY = "iPhone Developer";
				COPY_PHASE_STRIP = NO;
				DEBUG_INFORMATION_FORMAT = "dwarf-with-dsym";
				ENABLE_NS_ASSERTIONS = NO;
				ENABLE_STRICT_OBJC_MSGSEND = YES;
				GCC_C_LANGUAGE_STANDARD = gnu11;
				GCC_NO_COMMON_BLOCKS = YES;
				GCC_WARN_64_TO_32_BIT_CONVERSION = YES;
				GCC_WARN_ABOUT_RETURN_TYPE = YES_ERROR;
				GCC_WARN_UNDECLARED_SELECTOR = YES;
				GCC_WARN_UNINITIALIZED_AUTOS = YES_AGGRESSIVE;
				GCC_WARN_UNUSED_FUNCTION = YES;
				GCC_WARN_UNUSED_VARIABLE = YES;
				IPHONEOS_DEPLOYMENT_TARGET = 12.4;
				MTL_ENABLE_DEBUG_INFO = NO;
				MTL_FAST_MATH = YES;
				SDKROOT = iphoneos;
				SWIFT_COMPILATION_MODE = wholemodule;
				SWIFT_OPTIMIZATION_LEVEL = "-O";
				VALIDATE_PRODUCT = YES;
			};
			name = Release;
		};
		CC54A1CE2371D42C0042396E /* Debug */ = {
			isa = XCBuildConfiguration;
			buildSettings = {
				ASSETCATALOG_COMPILER_APPICON_NAME = AppIcon;
				CODE_SIGN_STYLE = Automatic;
				INFOPLIST_FILE = "HW-Trello/Info.plist";
				LD_RUNPATH_SEARCH_PATHS = (
					"$(inherited)",
					"@executable_path/Frameworks",
				);
				PRODUCT_BUNDLE_IDENTIFIER = "Maxim.HW-Trello";
				PRODUCT_NAME = "$(TARGET_NAME)";
				SWIFT_VERSION = 5.0;
				TARGETED_DEVICE_FAMILY = "1,2";
			};
			name = Debug;
		};
		CC54A1CF2371D42C0042396E /* Release */ = {
			isa = XCBuildConfiguration;
			buildSettings = {
				ASSETCATALOG_COMPILER_APPICON_NAME = AppIcon;
				CODE_SIGN_STYLE = Automatic;
				INFOPLIST_FILE = "HW-Trello/Info.plist";
				LD_RUNPATH_SEARCH_PATHS = (
					"$(inherited)",
					"@executable_path/Frameworks",
				);
				PRODUCT_BUNDLE_IDENTIFIER = "Maxim.HW-Trello";
				PRODUCT_NAME = "$(TARGET_NAME)";
				SWIFT_VERSION = 5.0;
				TARGETED_DEVICE_FAMILY = "1,2";
			};
			name = Release;
		};
/* End XCBuildConfiguration section */

/* Begin XCConfigurationList section */
		CC54A1B62371D42A0042396E /* Build configuration list for PBXProject "HW-Trello" */ = {
			isa = XCConfigurationList;
			buildConfigurations = (
				CC54A1CB2371D42C0042396E /* Debug */,
				CC54A1CC2371D42C0042396E /* Release */,
			);
			defaultConfigurationIsVisible = 0;
			defaultConfigurationName = Release;
		};
		CC54A1CD2371D42C0042396E /* Build configuration list for PBXNativeTarget "HW-Trello" */ = {
			isa = XCConfigurationList;
			buildConfigurations = (
				CC54A1CE2371D42C0042396E /* Debug */,
				CC54A1CF2371D42C0042396E /* Release */,
			);
			defaultConfigurationIsVisible = 0;
			defaultConfigurationName = Release;
		};
/* End XCConfigurationList section */
	};
	rootObject = CC54A1B32371D42A0042396E /* Project object */;
}
