// !$*UTF8*$!
{
	archiveVersion = 1;
	classes = {
	};
	objectVersion = 50;
	objects = {

/* Begin PBXBuildFile section */
		CC328DDB23642A7800A30C97 /* SecondViewController.swift in Sources */ = {isa = PBXBuildFile; fileRef = CC328DDA23642A7800A30C97 /* SecondViewController.swift */; };
		CCDF3AC4236198A90078A84B /* AppDelegate.swift in Sources */ = {isa = PBXBuildFile; fileRef = CCDF3AC3236198A90078A84B /* AppDelegate.swift */; };
		CCDF3AC6236198A90078A84B /* ViewController.swift in Sources */ = {isa = PBXBuildFile; fileRef = CCDF3AC5236198A90078A84B /* ViewController.swift */; };
		CCDF3ACB236198AA0078A84B /* Assets.xcassets in Resources */ = {isa = PBXBuildFile; fileRef = CCDF3ACA236198AA0078A84B /* Assets.xcassets */; };
		CCDF3ACE236198AA0078A84B /* LaunchScreen.storyboard in Resources */ = {isa = PBXBuildFile; fileRef = CCDF3ACC236198AA0078A84B /* LaunchScreen.storyboard */; };
		CCF30C3B2366F03D003E29B7 /* Cell.swift in Sources */ = {isa = PBXBuildFile; fileRef = CCF30C3A2366F03D003E29B7 /* Cell.swift */; };
/* End PBXBuildFile section */

/* Begin PBXFileReference section */
		CC328DDA23642A7800A30C97 /* SecondViewController.swift */ = {isa = PBXFileReference; lastKnownFileType = sourcecode.swift; path = SecondViewController.swift; sourceTree = "<group>"; };
		CCDF3AC0236198A90078A84B /* homeWork-6.app */ = {isa = PBXFileReference; explicitFileType = wrapper.application; includeInIndex = 0; path = "homeWork-6.app"; sourceTree = BUILT_PRODUCTS_DIR; };
		CCDF3AC3236198A90078A84B /* AppDelegate.swift */ = {isa = PBXFileReference; lastKnownFileType = sourcecode.swift; path = AppDelegate.swift; sourceTree = "<group>"; };
		CCDF3AC5236198A90078A84B /* ViewController.swift */ = {isa = PBXFileReference; lastKnownFileType = sourcecode.swift; path = ViewController.swift; sourceTree = "<group>"; };
		CCDF3ACA236198AA0078A84B /* Assets.xcassets */ = {isa = PBXFileReference; lastKnownFileType = folder.assetcatalog; path = Assets.xcassets; sourceTree = "<group>"; };
		CCDF3ACD236198AA0078A84B /* Base */ = {isa = PBXFileReference; lastKnownFileType = file.storyboard; name = Base; path = Base.lproj/LaunchScreen.storyboard; sourceTree = "<group>"; };
		CCDF3ACF236198AA0078A84B /* Info.plist */ = {isa = PBXFileReference; lastKnownFileType = text.plist.xml; path = Info.plist; sourceTree = "<group>"; };
		CCF30C3A2366F03D003E29B7 /* Cell.swift */ = {isa = PBXFileReference; lastKnownFileType = sourcecode.swift; path = Cell.swift; sourceTree = "<group>"; };
/* End PBXFileReference section */

/* Begin PBXFrameworksBuildPhase section */
		CCDF3ABD236198A90078A84B /* Frameworks */ = {
			isa = PBXFrameworksBuildPhase;
			buildActionMask = 2147483647;
			files = (
			);
			runOnlyForDeploymentPostprocessing = 0;
		};
/* End PBXFrameworksBuildPhase section */

/* Begin PBXGroup section */
		CCDF3AB7236198A90078A84B = {
			isa = PBXGroup;
			children = (
				CCDF3AC2236198A90078A84B /* homeWork-6 */,
				CCDF3AC1236198A90078A84B /* Products */,
			);
			sourceTree = "<group>";
		};
		CCDF3AC1236198A90078A84B /* Products */ = {
			isa = PBXGroup;
			children = (
				CCDF3AC0236198A90078A84B /* homeWork-6.app */,
			);
			name = Products;
			sourceTree = "<group>";
		};
		CCDF3AC2236198A90078A84B /* homeWork-6 */ = {
			isa = PBXGroup;
			children = (
				CCDF3AC3236198A90078A84B /* AppDelegate.swift */,
				CCF30C372366EFF0003E29B7 /* Model */,
				CCF30C382366F007003E29B7 /* View */,
				CCF30C392366F00D003E29B7 /* Controller */,
				CCDF3ACA236198AA0078A84B /* Assets.xcassets */,
				CCDF3ACC236198AA0078A84B /* LaunchScreen.storyboard */,
				CCDF3ACF236198AA0078A84B /* Info.plist */,
			);
			path = "homeWork-6";
			sourceTree = "<group>";
		};
		CCF30C372366EFF0003E29B7 /* Model */ = {
			isa = PBXGroup;
			children = (
			);
			name = Model;
			sourceTree = "<group>";
		};
		CCF30C382366F007003E29B7 /* View */ = {
			isa = PBXGroup;
			children = (
				CCF30C3A2366F03D003E29B7 /* Cell.swift */,
			);
			path = View;
			sourceTree = "<group>";
		};
		CCF30C392366F00D003E29B7 /* Controller */ = {
			isa = PBXGroup;
			children = (
				CCDF3AC5236198A90078A84B /* ViewController.swift */,
				CC328DDA23642A7800A30C97 /* SecondViewController.swift */,
			);
			name = Controller;
			sourceTree = "<group>";
		};
/* End PBXGroup section */

/* Begin PBXNativeTarget section */
		CCDF3ABF236198A90078A84B /* homeWork-6 */ = {
			isa = PBXNativeTarget;
			buildConfigurationList = CCDF3AD2236198AA0078A84B /* Build configuration list for PBXNativeTarget "homeWork-6" */;
			buildPhases = (
				CCDF3ABC236198A90078A84B /* Sources */,
				CCDF3ABD236198A90078A84B /* Frameworks */,
				CCDF3ABE236198A90078A84B /* Resources */,
			);
			buildRules = (
			);
			dependencies = (
			);
			name = "homeWork-6";
			productName = "homeWork-6";
			productReference = CCDF3AC0236198A90078A84B /* homeWork-6.app */;
			productType = "com.apple.product-type.application";
		};
/* End PBXNativeTarget section */

/* Begin PBXProject section */
		CCDF3AB8236198A90078A84B /* Project object */ = {
			isa = PBXProject;
			attributes = {
				LastSwiftUpdateCheck = 1030;
				LastUpgradeCheck = 1030;
				ORGANIZATIONNAME = "Максим Жуков";
				TargetAttributes = {
					CCDF3ABF236198A90078A84B = {
						CreatedOnToolsVersion = 10.3;
					};
				};
			};
			buildConfigurationList = CCDF3ABB236198A90078A84B /* Build configuration list for PBXProject "homeWork-6" */;
			compatibilityVersion = "Xcode 9.3";
			developmentRegion = en;
			hasScannedForEncodings = 0;
			knownRegions = (
				en,
				Base,
			);
			mainGroup = CCDF3AB7236198A90078A84B;
			productRefGroup = CCDF3AC1236198A90078A84B /* Products */;
			projectDirPath = "";
			projectRoot = "";
			targets = (
				CCDF3ABF236198A90078A84B /* homeWork-6 */,
			);
		};
/* End PBXProject section */

/* Begin PBXResourcesBuildPhase section */
		CCDF3ABE236198A90078A84B /* Resources */ = {
			isa = PBXResourcesBuildPhase;
			buildActionMask = 2147483647;
			files = (
				CCDF3ACE236198AA0078A84B /* LaunchScreen.storyboard in Resources */,
				CCDF3ACB236198AA0078A84B /* Assets.xcassets in Resources */,
			);
			runOnlyForDeploymentPostprocessing = 0;
		};
/* End PBXResourcesBuildPhase section */

/* Begin PBXSourcesBuildPhase section */
		CCDF3ABC236198A90078A84B /* Sources */ = {
			isa = PBXSourcesBuildPhase;
			buildActionMask = 2147483647;
			files = (
				CC328DDB23642A7800A30C97 /* SecondViewController.swift in Sources */,
				CCF30C3B2366F03D003E29B7 /* Cell.swift in Sources */,
				CCDF3AC6236198A90078A84B /* ViewController.swift in Sources */,
				CCDF3AC4236198A90078A84B /* AppDelegate.swift in Sources */,
			);
			runOnlyForDeploymentPostprocessing = 0;
		};
/* End PBXSourcesBuildPhase section */

/* Begin PBXVariantGroup section */
		CCDF3ACC236198AA0078A84B /* LaunchScreen.storyboard */ = {
			isa = PBXVariantGroup;
			children = (
				CCDF3ACD236198AA0078A84B /* Base */,
			);
			name = LaunchScreen.storyboard;
			sourceTree = "<group>";
		};
/* End PBXVariantGroup section */

/* Begin XCBuildConfiguration section */
		CCDF3AD0236198AA0078A84B /* Debug */ = {
			isa = XCBuildConfiguration;
			buildSettings = {
				ALWAYS_SEARCH_USER_PATHS = NO;
				CLANG_ANALYZER_NONNULL = YES;
				CLANG_ANALYZER_NUMBER_OBJECT_CONVERSION = YES_AGGRESSIVE;
				CLANG_CXX_LANGUAGE_STANDARD = "gnu++14";
				CLANG_CXX_LIBRARY = "libc++";
				CLANG_ENABLE_MODULES = YES;
				CLANG_ENABLE_OBJC_ARC = YES;
				CLANG_ENABLE_OBJC_WEAK = YES;
				CLANG_WARN_BLOCK_CAPTURE_AUTORELEASING = YES;
				CLANG_WARN_BOOL_CONVERSION = YES;
				CLANG_WARN_COMMA = YES;
				CLANG_WARN_CONSTANT_CONVERSION = YES;
				CLANG_WARN_DEPRECATED_OBJC_IMPLEMENTATIONS = YES;
				CLANG_WARN_DIRECT_OBJC_ISA_USAGE = YES_ERROR;
				CLANG_WARN_DOCUMENTATION_COMMENTS = YES;
				CLANG_WARN_EMPTY_BODY = YES;
				CLANG_WARN_ENUM_CONVERSION = YES;
				CLANG_WARN_INFINITE_RECURSION = YES;
				CLANG_WARN_INT_CONVERSION = YES;
				CLANG_WARN_NON_LITERAL_NULL_CONVERSION = YES;
				CLANG_WARN_OBJC_IMPLICIT_RETAIN_SELF = YES;
				CLANG_WARN_OBJC_LITERAL_CONVERSION = YES;
				CLANG_WARN_OBJC_ROOT_CLASS = YES_ERROR;
				CLANG_WARN_RANGE_LOOP_ANALYSIS = YES;
				CLANG_WARN_STRICT_PROTOTYPES = YES;
				CLANG_WARN_SUSPICIOUS_MOVE = YES;
				CLANG_WARN_UNGUARDED_AVAILABILITY = YES_AGGRESSIVE;
				CLANG_WARN_UNREACHABLE_CODE = YES;
				CLANG_WARN__DUPLICATE_METHOD_MATCH = YES;
				CODE_SIGN_IDENTITY = "iPhone Developer";
				COPY_PHASE_STRIP = NO;
				DEBUG_INFORMATION_FORMAT = dwarf;
				ENABLE_STRICT_OBJC_MSGSEND = YES;
				ENABLE_TESTABILITY = YES;
				GCC_C_LANGUAGE_STANDARD = gnu11;
				GCC_DYNAMIC_NO_PIC = NO;
				GCC_NO_COMMON_BLOCKS = YES;
				GCC_OPTIMIZATION_LEVEL = 0;
				GCC_PREPROCESSOR_DEFINITIONS = (
					"DEBUG=1",
					"$(inherited)",
				);
				GCC_WARN_64_TO_32_BIT_CONVERSION = YES;
				GCC_WARN_ABOUT_RETURN_TYPE = YES_ERROR;
				GCC_WARN_UNDECLARED_SELECTOR = YES;
				GCC_WARN_UNINITIALIZED_AUTOS = YES_AGGRESSIVE;
				GCC_WARN_UNUSED_FUNCTION = YES;
				GCC_WARN_UNUSED_VARIABLE = YES;
				IPHONEOS_DEPLOYMENT_TARGET = 12.4;
				MTL_ENABLE_DEBUG_INFO = INCLUDE_SOURCE;
				MTL_FAST_MATH = YES;
				ONLY_ACTIVE_ARCH = YES;
				SDKROOT = iphoneos;
				SWIFT_ACTIVE_COMPILATION_CONDITIONS = DEBUG;
				SWIFT_OPTIMIZATION_LEVEL = "-Onone";
			};
			name = Debug;
		};
		CCDF3AD1236198AA0078A84B /* Release */ = {
			isa = XCBuildConfiguration;
			buildSettings = {
				ALWAYS_SEARCH_USER_PATHS = NO;
				CLANG_ANALYZER_NONNULL = YES;
				CLANG_ANALYZER_NUMBER_OBJECT_CONVERSION = YES_AGGRESSIVE;
				CLANG_CXX_LANGUAGE_STANDARD = "gnu++14";
				CLANG_CXX_LIBRARY = "libc++";
				CLANG_ENABLE_MODULES = YES;
				CLANG_ENABLE_OBJC_ARC = YES;
				CLANG_ENABLE_OBJC_WEAK = YES;
				CLANG_WARN_BLOCK_CAPTURE_AUTORELEASING = YES;
				CLANG_WARN_BOOL_CONVERSION = YES;
				CLANG_WARN_COMMA = YES;
				CLANG_WARN_CONSTANT_CONVERSION = YES;
				CLANG_WARN_DEPRECATED_OBJC_IMPLEMENTATIONS = YES;
				CLANG_WARN_DIRECT_OBJC_ISA_USAGE = YES_ERROR;
				CLANG_WARN_DOCUMENTATION_COMMENTS = YES;
				CLANG_WARN_EMPTY_BODY = YES;
				CLANG_WARN_ENUM_CONVERSION = YES;
				CLANG_WARN_INFINITE_RECURSION = YES;
				CLANG_WARN_INT_CONVERSION = YES;
				CLANG_WARN_NON_LITERAL_NULL_CONVERSION = YES;
				CLANG_WARN_OBJC_IMPLICIT_RETAIN_SELF = YES;
				CLANG_WARN_OBJC_LITERAL_CONVERSION = YES;
				CLANG_WARN_OBJC_ROOT_CLASS = YES_ERROR;
				CLANG_WARN_RANGE_LOOP_ANALYSIS = YES;
				CLANG_WARN_STRICT_PROTOTYPES = YES;
				CLANG_WARN_SUSPICIOUS_MOVE = YES;
				CLANG_WARN_UNGUARDED_AVAILABILITY = YES_AGGRESSIVE;
				CLANG_WARN_UNREACHABLE_CODE = YES;
				CLANG_WARN__DUPLICATE_METHOD_MATCH = YES;
				CODE_SIGN_IDENTITY = "iPhone Developer";
				COPY_PHASE_STRIP = NO;
				DEBUG_INFORMATION_FORMAT = "dwarf-with-dsym";
				ENABLE_NS_ASSERTIONS = NO;
				ENABLE_STRICT_OBJC_MSGSEND = YES;
				GCC_C_LANGUAGE_STANDARD = gnu11;
				GCC_NO_COMMON_BLOCKS = YES;
				GCC_WARN_64_TO_32_BIT_CONVERSION = YES;
				GCC_WARN_ABOUT_RETURN_TYPE = YES_ERROR;
				GCC_WARN_UNDECLARED_SELECTOR = YES;
				GCC_WARN_UNINITIALIZED_AUTOS = YES_AGGRESSIVE;
				GCC_WARN_UNUSED_FUNCTION = YES;
				GCC_WARN_UNUSED_VARIABLE = YES;
				IPHONEOS_DEPLOYMENT_TARGET = 12.4;
				MTL_ENABLE_DEBUG_INFO = NO;
				MTL_FAST_MATH = YES;
				SDKROOT = iphoneos;
				SWIFT_COMPILATION_MODE = wholemodule;
				SWIFT_OPTIMIZATION_LEVEL = "-O";
				VALIDATE_PRODUCT = YES;
			};
			name = Release;
		};
		CCDF3AD3236198AA0078A84B /* Debug */ = {
			isa = XCBuildConfiguration;
			buildSettings = {
				ASSETCATALOG_COMPILER_APPICON_NAME = AppIcon;
				CODE_SIGN_STYLE = Automatic;
				INFOPLIST_FILE = "homeWork-6/Info.plist";
				LD_RUNPATH_SEARCH_PATHS = (
					"$(inherited)",
					"@executable_path/Frameworks",
				);
				PRODUCT_BUNDLE_IDENTIFIER = "Maxim.homeWork-6";
				PRODUCT_NAME = "$(TARGET_NAME)";
				SWIFT_VERSION = 5.0;
				TARGETED_DEVICE_FAMILY = "1,2";
			};
			name = Debug;
		};
		CCDF3AD4236198AA0078A84B /* Release */ = {
			isa = XCBuildConfiguration;
			buildSettings = {
				ASSETCATALOG_COMPILER_APPICON_NAME = AppIcon;
				CODE_SIGN_STYLE = Automatic;
				INFOPLIST_FILE = "homeWork-6/Info.plist";
				LD_RUNPATH_SEARCH_PATHS = (
					"$(inherited)",
					"@executable_path/Frameworks",
				);
				PRODUCT_BUNDLE_IDENTIFIER = "Maxim.homeWork-6";
				PRODUCT_NAME = "$(TARGET_NAME)";
				SWIFT_VERSION = 5.0;
				TARGETED_DEVICE_FAMILY = "1,2";
			};
			name = Release;
		};
/* End XCBuildConfiguration section */

/* Begin XCConfigurationList section */
		CCDF3ABB236198A90078A84B /* Build configuration list for PBXProject "homeWork-6" */ = {
			isa = XCConfigurationList;
			buildConfigurations = (
				CCDF3AD0236198AA0078A84B /* Debug */,
				CCDF3AD1236198AA0078A84B /* Release */,
			);
			defaultConfigurationIsVisible = 0;
			defaultConfigurationName = Release;
		};
		CCDF3AD2236198AA0078A84B /* Build configuration list for PBXNativeTarget "homeWork-6" */ = {
			isa = XCConfigurationList;
			buildConfigurations = (
				CCDF3AD3236198AA0078A84B /* Debug */,
				CCDF3AD4236198AA0078A84B /* Release */,
			);
			defaultConfigurationIsVisible = 0;
			defaultConfigurationName = Release;
		};
/* End XCConfigurationList section */
	};
	rootObject = CCDF3AB8236198A90078A84B /* Project object */;
}
